// !$*UTF8*$!
{
	archiveVersion = 1;
	classes = {
	};
	objectVersion = 54;
	objects = {

/* Begin PBXBuildFile section */
		00E356F31AD99517003FC87E /* policecheckpointtakTests.m in Sources */ = {isa = PBXBuildFile; fileRef = 00E356F21AD99517003FC87E /* policecheckpointtakTests.m */; };
		0C80B921A6F3F58F76C31292 /* libPods-policecheckpointtak.a in Frameworks */ = {isa = PBXBuildFile; fileRef = 5DCACB8F33CDC322A6C60F78 /* libPods-policecheckpointtak.a */; };
		13B07FBC1A68108700A75B9A /* AppDelegate.mm in Sources */ = {isa = PBXBuildFile; fileRef = 13B07FB01A68108700A75B9A /* AppDelegate.mm */; };
		13B07FBF1A68108700A75B9A /* Images.xcassets in Resources */ = {isa = PBXBuildFile; fileRef = 13B07FB51A68108700A75B9A /* Images.xcassets */; };
		13B07FC11A68108700A75B9A /* main.m in Sources */ = {isa = PBXBuildFile; fileRef = 13B07FB71A68108700A75B9A /* main.m */; };
		7699B88040F8A987B510C191 /* libPods-policecheckpointtak-policecheckpointtakTests.a in Frameworks */ = {isa = PBXBuildFile; fileRef = 19F6CBCC0A4E27FBF8BF4A61 /* libPods-policecheckpointtak-policecheckpointtakTests.a */; };
		81AB9BB82411601600AC10FF /* LaunchScreen.storyboard in Resources */ = {isa = PBXBuildFile; fileRef = 81AB9BB72411601600AC10FF /* LaunchScreen.storyboard */; };
		18E7123C1581478FAB30F675 /* NotoSansThai-Black.ttf in Resources */ = {isa = PBXBuildFile; fileRef = 5CE620BBA3A44674A1B39E13 /* NotoSansThai-Black.ttf */; };
		1250BDF9C98145FFA2F74456 /* NotoSansThai-Bold.ttf in Resources */ = {isa = PBXBuildFile; fileRef = BE1E5391CD81422AAEAF7334 /* NotoSansThai-Bold.ttf */; };
		BADAB3D17F1144E0B05EECEE /* NotoSansThai-ExtraBold.ttf in Resources */ = {isa = PBXBuildFile; fileRef = 7856CF002D3C4A7398E53FB7 /* NotoSansThai-ExtraBold.ttf */; };
		D6E7D7230B964071828ECAF5 /* NotoSansThai-ExtraLight.ttf in Resources */ = {isa = PBXBuildFile; fileRef = 2B9FE855030545E899FF3696 /* NotoSansThai-ExtraLight.ttf */; };
		D522DAC9EE064FE08059DBAF /* NotoSansThai-Light.ttf in Resources */ = {isa = PBXBuildFile; fileRef = CA374DD2A0D345258F4B9EFB /* NotoSansThai-Light.ttf */; };
		DB862DE19A60490CB3C9ABD8 /* NotoSansThai-Medium.ttf in Resources */ = {isa = PBXBuildFile; fileRef = 220EB84943FE47C5B1970B2F /* NotoSansThai-Medium.ttf */; };
		180E9D6C1A9B436C99AD764B /* NotoSansThai-Regular.ttf in Resources */ = {isa = PBXBuildFile; fileRef = 3D2881323C8A4EB297EB49D5 /* NotoSansThai-Regular.ttf */; };
		CA5E9CFF544F49E690248BC9 /* NotoSansThai-SemiBold.ttf in Resources */ = {isa = PBXBuildFile; fileRef = 8A06D621E06A4561A15A26D6 /* NotoSansThai-SemiBold.ttf */; };
		D1B044531AFC42369327BFD8 /* NotoSansThai-Thin.ttf in Resources */ = {isa = PBXBuildFile; fileRef = F2CF1641B84943D387CF6ABC /* NotoSansThai-Thin.ttf */; };
		4D99B25FB2AA4026B748A898 /* NotoSansThai_Condensed-Black.ttf in Resources */ = {isa = PBXBuildFile; fileRef = 88CA402BCF564040B0C30ECD /* NotoSansThai_Condensed-Black.ttf */; };
		5158FD51AB94417D81840E96 /* NotoSansThai_Condensed-Bold.ttf in Resources */ = {isa = PBXBuildFile; fileRef = 8447290260FF4077984B346F /* NotoSansThai_Condensed-Bold.ttf */; };
		72A8B4935E9B48609941FFD1 /* NotoSansThai_Condensed-ExtraBold.ttf in Resources */ = {isa = PBXBuildFile; fileRef = 82257BAAB145490EB391D792 /* NotoSansThai_Condensed-ExtraBold.ttf */; };
		C78FC15C5982435E86E6BD90 /* NotoSansThai_Condensed-ExtraLight.ttf in Resources */ = {isa = PBXBuildFile; fileRef = F9021EF0099B404F884503CB /* NotoSansThai_Condensed-ExtraLight.ttf */; };
		D00D7A7EEB7B47019EB3BA8C /* NotoSansThai_Condensed-Light.ttf in Resources */ = {isa = PBXBuildFile; fileRef = B48EB9BBA27C40098B92B629 /* NotoSansThai_Condensed-Light.ttf */; };
		FCC2F7D014E748F5B0D61C72 /* NotoSansThai_Condensed-Medium.ttf in Resources */ = {isa = PBXBuildFile; fileRef = D0726A2134A24F8481ACE6AE /* NotoSansThai_Condensed-Medium.ttf */; };
		6781709A2FA44D89B333D66B /* NotoSansThai_Condensed-Regular.ttf in Resources */ = {isa = PBXBuildFile; fileRef = D12CA9928C58488CBCDDA0A0 /* NotoSansThai_Condensed-Regular.ttf */; };
		D4203AAF64E9488087DE8D63 /* NotoSansThai_Condensed-SemiBold.ttf in Resources */ = {isa = PBXBuildFile; fileRef = 4E60412BFC01461EAD15B494 /* NotoSansThai_Condensed-SemiBold.ttf */; };
		275C76A13D464F57A3661174 /* NotoSansThai_Condensed-Thin.ttf in Resources */ = {isa = PBXBuildFile; fileRef = 48521A91403A46F5A6F6FCD3 /* NotoSansThai_Condensed-Thin.ttf */; };
		74BCB5A2D2B04DB5BE4367F2 /* NotoSansThai_ExtraCondensed-Black.ttf in Resources */ = {isa = PBXBuildFile; fileRef = E40C5F14EBD148E395EE9B8F /* NotoSansThai_ExtraCondensed-Black.ttf */; };
		E0024B0A532D4FE2A26B3928 /* NotoSansThai_ExtraCondensed-Bold.ttf in Resources */ = {isa = PBXBuildFile; fileRef = 03ECBDC809224CA8999D9E7C /* NotoSansThai_ExtraCondensed-Bold.ttf */; };
		B0312868D3484644AE89A542 /* NotoSansThai_ExtraCondensed-ExtraBold.ttf in Resources */ = {isa = PBXBuildFile; fileRef = 7FB6ECDE4A0E488DA89B9525 /* NotoSansThai_ExtraCondensed-ExtraBold.ttf */; };
		06123FD4CEB8462B817C1915 /* NotoSansThai_ExtraCondensed-ExtraLight.ttf in Resources */ = {isa = PBXBuildFile; fileRef = 126D60BD51E44955803C8BBC /* NotoSansThai_ExtraCondensed-ExtraLight.ttf */; };
		839DD860117741249FC731AD /* NotoSansThai_ExtraCondensed-Light.ttf in Resources */ = {isa = PBXBuildFile; fileRef = 87B547EA1F83472B96590668 /* NotoSansThai_ExtraCondensed-Light.ttf */; };
		83AE832939784448A54AB82B /* NotoSansThai_ExtraCondensed-Medium.ttf in Resources */ = {isa = PBXBuildFile; fileRef = BF039F8555AA46AEB9B3E89B /* NotoSansThai_ExtraCondensed-Medium.ttf */; };
		EA5674637629499A9FD5DCFC /* NotoSansThai_ExtraCondensed-Regular.ttf in Resources */ = {isa = PBXBuildFile; fileRef = 480BFB19000B42D8B8DC4720 /* NotoSansThai_ExtraCondensed-Regular.ttf */; };
		B3ED94F41130444D9B597889 /* NotoSansThai_ExtraCondensed-SemiBold.ttf in Resources */ = {isa = PBXBuildFile; fileRef = 9C8CA81451334198A59C8961 /* NotoSansThai_ExtraCondensed-SemiBold.ttf */; };
		20CBB9A421714BBB96201B2C /* NotoSansThai_ExtraCondensed-Thin.ttf in Resources */ = {isa = PBXBuildFile; fileRef = 99C9CFF18D6B478E94300C60 /* NotoSansThai_ExtraCondensed-Thin.ttf */; };
		5D6A10B517EF4B3DAE0711A9 /* NotoSansThai_SemiCondensed-Black.ttf in Resources */ = {isa = PBXBuildFile; fileRef = BC1B57DF706E47A18263D6F3 /* NotoSansThai_SemiCondensed-Black.ttf */; };
		E797D04805EB49FBBC3D2D72 /* NotoSansThai_SemiCondensed-Bold.ttf in Resources */ = {isa = PBXBuildFile; fileRef = 703D9F69168C4FD0AF93832B /* NotoSansThai_SemiCondensed-Bold.ttf */; };
		71380EFE38274C309A259E1D /* NotoSansThai_SemiCondensed-ExtraBold.ttf in Resources */ = {isa = PBXBuildFile; fileRef = 7EC10C9D1F5C403786986F6B /* NotoSansThai_SemiCondensed-ExtraBold.ttf */; };
		A27B73B686C646AAAAF22174 /* NotoSansThai_SemiCondensed-ExtraLight.ttf in Resources */ = {isa = PBXBuildFile; fileRef = B4B77064BB6E41CA8B33B732 /* NotoSansThai_SemiCondensed-ExtraLight.ttf */; };
		D3470A8D301E46C4AE70A2D9 /* NotoSansThai_SemiCondensed-Light.ttf in Resources */ = {isa = PBXBuildFile; fileRef = D0746E5696204C5DBBBB32F6 /* NotoSansThai_SemiCondensed-Light.ttf */; };
		6AFAD9631FCD4931A499C9BB /* NotoSansThai_SemiCondensed-Medium.ttf in Resources */ = {isa = PBXBuildFile; fileRef = 52F741AD79EE498E940AAEE8 /* NotoSansThai_SemiCondensed-Medium.ttf */; };
		A02A9A23D65247A0A2DCA6C0 /* NotoSansThai_SemiCondensed-Regular.ttf in Resources */ = {isa = PBXBuildFile; fileRef = C020F7FA271B4D7D84DCFF59 /* NotoSansThai_SemiCondensed-Regular.ttf */; };
		BE3D6D58AB744F8A851C0A1E /* NotoSansThai_SemiCondensed-SemiBold.ttf in Resources */ = {isa = PBXBuildFile; fileRef = DBD6D2E379AF4CC0B1AF2BDD /* NotoSansThai_SemiCondensed-SemiBold.ttf */; };
		61944546E9EB4C05AE26F473 /* NotoSansThai_SemiCondensed-Thin.ttf in Resources */ = {isa = PBXBuildFile; fileRef = 102267C8DBA54412A8EFBD68 /* NotoSansThai_SemiCondensed-Thin.ttf */; };
/* End PBXBuildFile section */

/* Begin PBXContainerItemProxy section */
		00E356F41AD99517003FC87E /* PBXContainerItemProxy */ = {
			isa = PBXContainerItemProxy;
			containerPortal = 83CBB9F71A601CBA00E9B192 /* Project object */;
			proxyType = 1;
			remoteGlobalIDString = 13B07F861A680F5B00A75B9A;
			remoteInfo = policecheckpointtak;
		};
/* End PBXContainerItemProxy section */

/* Begin PBXFileReference section */
		00E356EE1AD99517003FC87E /* policecheckpointtakTests.xctest */ = {isa = PBXFileReference; explicitFileType = wrapper.cfbundle; includeInIndex = 0; path = policecheckpointtakTests.xctest; sourceTree = BUILT_PRODUCTS_DIR; };
		00E356F11AD99517003FC87E /* Info.plist */ = {isa = PBXFileReference; lastKnownFileType = text.plist.xml; path = Info.plist; sourceTree = "<group>"; };
		00E356F21AD99517003FC87E /* policecheckpointtakTests.m */ = {isa = PBXFileReference; lastKnownFileType = sourcecode.c.objc; path = policecheckpointtakTests.m; sourceTree = "<group>"; };
		13B07F961A680F5B00A75B9A /* policecheckpointtak.app */ = {isa = PBXFileReference; explicitFileType = wrapper.application; includeInIndex = 0; path = policecheckpointtak.app; sourceTree = BUILT_PRODUCTS_DIR; };
		13B07FAF1A68108700A75B9A /* AppDelegate.h */ = {isa = PBXFileReference; fileEncoding = 4; lastKnownFileType = sourcecode.c.h; name = AppDelegate.h; path = policecheckpointtak/AppDelegate.h; sourceTree = "<group>"; };
		13B07FB01A68108700A75B9A /* AppDelegate.mm */ = {isa = PBXFileReference; fileEncoding = 4; lastKnownFileType = sourcecode.cpp.objcpp; name = AppDelegate.mm; path = policecheckpointtak/AppDelegate.mm; sourceTree = "<group>"; };
		13B07FB51A68108700A75B9A /* Images.xcassets */ = {isa = PBXFileReference; lastKnownFileType = folder.assetcatalog; name = Images.xcassets; path = policecheckpointtak/Images.xcassets; sourceTree = "<group>"; };
		13B07FB61A68108700A75B9A /* Info.plist */ = {isa = PBXFileReference; fileEncoding = 4; lastKnownFileType = text.plist.xml; name = Info.plist; path = policecheckpointtak/Info.plist; sourceTree = "<group>"; };
		13B07FB71A68108700A75B9A /* main.m */ = {isa = PBXFileReference; fileEncoding = 4; lastKnownFileType = sourcecode.c.objc; name = main.m; path = policecheckpointtak/main.m; sourceTree = "<group>"; };
		19F6CBCC0A4E27FBF8BF4A61 /* libPods-policecheckpointtak-policecheckpointtakTests.a */ = {isa = PBXFileReference; explicitFileType = archive.ar; includeInIndex = 0; path = "libPods-policecheckpointtak-policecheckpointtakTests.a"; sourceTree = BUILT_PRODUCTS_DIR; };
		3B4392A12AC88292D35C810B /* Pods-policecheckpointtak.debug.xcconfig */ = {isa = PBXFileReference; includeInIndex = 1; lastKnownFileType = text.xcconfig; name = "Pods-policecheckpointtak.debug.xcconfig"; path = "Target Support Files/Pods-policecheckpointtak/Pods-policecheckpointtak.debug.xcconfig"; sourceTree = "<group>"; };
		5709B34CF0A7D63546082F79 /* Pods-policecheckpointtak.release.xcconfig */ = {isa = PBXFileReference; includeInIndex = 1; lastKnownFileType = text.xcconfig; name = "Pods-policecheckpointtak.release.xcconfig"; path = "Target Support Files/Pods-policecheckpointtak/Pods-policecheckpointtak.release.xcconfig"; sourceTree = "<group>"; };
		5B7EB9410499542E8C5724F5 /* Pods-policecheckpointtak-policecheckpointtakTests.debug.xcconfig */ = {isa = PBXFileReference; includeInIndex = 1; lastKnownFileType = text.xcconfig; name = "Pods-policecheckpointtak-policecheckpointtakTests.debug.xcconfig"; path = "Target Support Files/Pods-policecheckpointtak-policecheckpointtakTests/Pods-policecheckpointtak-policecheckpointtakTests.debug.xcconfig"; sourceTree = "<group>"; };
		5DCACB8F33CDC322A6C60F78 /* libPods-policecheckpointtak.a */ = {isa = PBXFileReference; explicitFileType = archive.ar; includeInIndex = 0; path = "libPods-policecheckpointtak.a"; sourceTree = BUILT_PRODUCTS_DIR; };
		81AB9BB72411601600AC10FF /* LaunchScreen.storyboard */ = {isa = PBXFileReference; fileEncoding = 4; lastKnownFileType = file.storyboard; name = LaunchScreen.storyboard; path = policecheckpointtak/LaunchScreen.storyboard; sourceTree = "<group>"; };
		89C6BE57DB24E9ADA2F236DE /* Pods-policecheckpointtak-policecheckpointtakTests.release.xcconfig */ = {isa = PBXFileReference; includeInIndex = 1; lastKnownFileType = text.xcconfig; name = "Pods-policecheckpointtak-policecheckpointtakTests.release.xcconfig"; path = "Target Support Files/Pods-policecheckpointtak-policecheckpointtakTests/Pods-policecheckpointtak-policecheckpointtakTests.release.xcconfig"; sourceTree = "<group>"; };
		ED297162215061F000B7C4FE /* JavaScriptCore.framework */ = {isa = PBXFileReference; lastKnownFileType = wrapper.framework; name = JavaScriptCore.framework; path = System/Library/Frameworks/JavaScriptCore.framework; sourceTree = SDKROOT; };
		5CE620BBA3A44674A1B39E13 /* NotoSansThai-Black.ttf */ = {isa = PBXFileReference; name = "NotoSansThai-Black.ttf"; path = "../assets/fonts/NotoSansThai-Black.ttf"; sourceTree = "<group>"; fileEncoding = undefined; lastKnownFileType = unknown; explicitFileType = undefined; includeInIndex = 0; };
		BE1E5391CD81422AAEAF7334 /* NotoSansThai-Bold.ttf */ = {isa = PBXFileReference; name = "NotoSansThai-Bold.ttf"; path = "../assets/fonts/NotoSansThai-Bold.ttf"; sourceTree = "<group>"; fileEncoding = undefined; lastKnownFileType = unknown; explicitFileType = undefined; includeInIndex = 0; };
		7856CF002D3C4A7398E53FB7 /* NotoSansThai-ExtraBold.ttf */ = {isa = PBXFileReference; name = "NotoSansThai-ExtraBold.ttf"; path = "../assets/fonts/NotoSansThai-ExtraBold.ttf"; sourceTree = "<group>"; fileEncoding = undefined; lastKnownFileType = unknown; explicitFileType = undefined; includeInIndex = 0; };
		2B9FE855030545E899FF3696 /* NotoSansThai-ExtraLight.ttf */ = {isa = PBXFileReference; name = "NotoSansThai-ExtraLight.ttf"; path = "../assets/fonts/NotoSansThai-ExtraLight.ttf"; sourceTree = "<group>"; fileEncoding = undefined; lastKnownFileType = unknown; explicitFileType = undefined; includeInIndex = 0; };
		CA374DD2A0D345258F4B9EFB /* NotoSansThai-Light.ttf */ = {isa = PBXFileReference; name = "NotoSansThai-Light.ttf"; path = "../assets/fonts/NotoSansThai-Light.ttf"; sourceTree = "<group>"; fileEncoding = undefined; lastKnownFileType = unknown; explicitFileType = undefined; includeInIndex = 0; };
		220EB84943FE47C5B1970B2F /* NotoSansThai-Medium.ttf */ = {isa = PBXFileReference; name = "NotoSansThai-Medium.ttf"; path = "../assets/fonts/NotoSansThai-Medium.ttf"; sourceTree = "<group>"; fileEncoding = undefined; lastKnownFileType = unknown; explicitFileType = undefined; includeInIndex = 0; };
		3D2881323C8A4EB297EB49D5 /* NotoSansThai-Regular.ttf */ = {isa = PBXFileReference; name = "NotoSansThai-Regular.ttf"; path = "../assets/fonts/NotoSansThai-Regular.ttf"; sourceTree = "<group>"; fileEncoding = undefined; lastKnownFileType = unknown; explicitFileType = undefined; includeInIndex = 0; };
		8A06D621E06A4561A15A26D6 /* NotoSansThai-SemiBold.ttf */ = {isa = PBXFileReference; name = "NotoSansThai-SemiBold.ttf"; path = "../assets/fonts/NotoSansThai-SemiBold.ttf"; sourceTree = "<group>"; fileEncoding = undefined; lastKnownFileType = unknown; explicitFileType = undefined; includeInIndex = 0; };
		F2CF1641B84943D387CF6ABC /* NotoSansThai-Thin.ttf */ = {isa = PBXFileReference; name = "NotoSansThai-Thin.ttf"; path = "../assets/fonts/NotoSansThai-Thin.ttf"; sourceTree = "<group>"; fileEncoding = undefined; lastKnownFileType = unknown; explicitFileType = undefined; includeInIndex = 0; };
		88CA402BCF564040B0C30ECD /* NotoSansThai_Condensed-Black.ttf */ = {isa = PBXFileReference; name = "NotoSansThai_Condensed-Black.ttf"; path = "../assets/fonts/NotoSansThai_Condensed-Black.ttf"; sourceTree = "<group>"; fileEncoding = undefined; lastKnownFileType = unknown; explicitFileType = undefined; includeInIndex = 0; };
		8447290260FF4077984B346F /* NotoSansThai_Condensed-Bold.ttf */ = {isa = PBXFileReference; name = "NotoSansThai_Condensed-Bold.ttf"; path = "../assets/fonts/NotoSansThai_Condensed-Bold.ttf"; sourceTree = "<group>"; fileEncoding = undefined; lastKnownFileType = unknown; explicitFileType = undefined; includeInIndex = 0; };
		82257BAAB145490EB391D792 /* NotoSansThai_Condensed-ExtraBold.ttf */ = {isa = PBXFileReference; name = "NotoSansThai_Condensed-ExtraBold.ttf"; path = "../assets/fonts/NotoSansThai_Condensed-ExtraBold.ttf"; sourceTree = "<group>"; fileEncoding = undefined; lastKnownFileType = unknown; explicitFileType = undefined; includeInIndex = 0; };
		F9021EF0099B404F884503CB /* NotoSansThai_Condensed-ExtraLight.ttf */ = {isa = PBXFileReference; name = "NotoSansThai_Condensed-ExtraLight.ttf"; path = "../assets/fonts/NotoSansThai_Condensed-ExtraLight.ttf"; sourceTree = "<group>"; fileEncoding = undefined; lastKnownFileType = unknown; explicitFileType = undefined; includeInIndex = 0; };
		B48EB9BBA27C40098B92B629 /* NotoSansThai_Condensed-Light.ttf */ = {isa = PBXFileReference; name = "NotoSansThai_Condensed-Light.ttf"; path = "../assets/fonts/NotoSansThai_Condensed-Light.ttf"; sourceTree = "<group>"; fileEncoding = undefined; lastKnownFileType = unknown; explicitFileType = undefined; includeInIndex = 0; };
		D0726A2134A24F8481ACE6AE /* NotoSansThai_Condensed-Medium.ttf */ = {isa = PBXFileReference; name = "NotoSansThai_Condensed-Medium.ttf"; path = "../assets/fonts/NotoSansThai_Condensed-Medium.ttf"; sourceTree = "<group>"; fileEncoding = undefined; lastKnownFileType = unknown; explicitFileType = undefined; includeInIndex = 0; };
		D12CA9928C58488CBCDDA0A0 /* NotoSansThai_Condensed-Regular.ttf */ = {isa = PBXFileReference; name = "NotoSansThai_Condensed-Regular.ttf"; path = "../assets/fonts/NotoSansThai_Condensed-Regular.ttf"; sourceTree = "<group>"; fileEncoding = undefined; lastKnownFileType = unknown; explicitFileType = undefined; includeInIndex = 0; };
		4E60412BFC01461EAD15B494 /* NotoSansThai_Condensed-SemiBold.ttf */ = {isa = PBXFileReference; name = "NotoSansThai_Condensed-SemiBold.ttf"; path = "../assets/fonts/NotoSansThai_Condensed-SemiBold.ttf"; sourceTree = "<group>"; fileEncoding = undefined; lastKnownFileType = unknown; explicitFileType = undefined; includeInIndex = 0; };
		48521A91403A46F5A6F6FCD3 /* NotoSansThai_Condensed-Thin.ttf */ = {isa = PBXFileReference; name = "NotoSansThai_Condensed-Thin.ttf"; path = "../assets/fonts/NotoSansThai_Condensed-Thin.ttf"; sourceTree = "<group>"; fileEncoding = undefined; lastKnownFileType = unknown; explicitFileType = undefined; includeInIndex = 0; };
		E40C5F14EBD148E395EE9B8F /* NotoSansThai_ExtraCondensed-Black.ttf */ = {isa = PBXFileReference; name = "NotoSansThai_ExtraCondensed-Black.ttf"; path = "../assets/fonts/NotoSansThai_ExtraCondensed-Black.ttf"; sourceTree = "<group>"; fileEncoding = undefined; lastKnownFileType = unknown; explicitFileType = undefined; includeInIndex = 0; };
		03ECBDC809224CA8999D9E7C /* NotoSansThai_ExtraCondensed-Bold.ttf */ = {isa = PBXFileReference; name = "NotoSansThai_ExtraCondensed-Bold.ttf"; path = "../assets/fonts/NotoSansThai_ExtraCondensed-Bold.ttf"; sourceTree = "<group>"; fileEncoding = undefined; lastKnownFileType = unknown; explicitFileType = undefined; includeInIndex = 0; };
		7FB6ECDE4A0E488DA89B9525 /* NotoSansThai_ExtraCondensed-ExtraBold.ttf */ = {isa = PBXFileReference; name = "NotoSansThai_ExtraCondensed-ExtraBold.ttf"; path = "../assets/fonts/NotoSansThai_ExtraCondensed-ExtraBold.ttf"; sourceTree = "<group>"; fileEncoding = undefined; lastKnownFileType = unknown; explicitFileType = undefined; includeInIndex = 0; };
		126D60BD51E44955803C8BBC /* NotoSansThai_ExtraCondensed-ExtraLight.ttf */ = {isa = PBXFileReference; name = "NotoSansThai_ExtraCondensed-ExtraLight.ttf"; path = "../assets/fonts/NotoSansThai_ExtraCondensed-ExtraLight.ttf"; sourceTree = "<group>"; fileEncoding = undefined; lastKnownFileType = unknown; explicitFileType = undefined; includeInIndex = 0; };
		87B547EA1F83472B96590668 /* NotoSansThai_ExtraCondensed-Light.ttf */ = {isa = PBXFileReference; name = "NotoSansThai_ExtraCondensed-Light.ttf"; path = "../assets/fonts/NotoSansThai_ExtraCondensed-Light.ttf"; sourceTree = "<group>"; fileEncoding = undefined; lastKnownFileType = unknown; explicitFileType = undefined; includeInIndex = 0; };
		BF039F8555AA46AEB9B3E89B /* NotoSansThai_ExtraCondensed-Medium.ttf */ = {isa = PBXFileReference; name = "NotoSansThai_ExtraCondensed-Medium.ttf"; path = "../assets/fonts/NotoSansThai_ExtraCondensed-Medium.ttf"; sourceTree = "<group>"; fileEncoding = undefined; lastKnownFileType = unknown; explicitFileType = undefined; includeInIndex = 0; };
		480BFB19000B42D8B8DC4720 /* NotoSansThai_ExtraCondensed-Regular.ttf */ = {isa = PBXFileReference; name = "NotoSansThai_ExtraCondensed-Regular.ttf"; path = "../assets/fonts/NotoSansThai_ExtraCondensed-Regular.ttf"; sourceTree = "<group>"; fileEncoding = undefined; lastKnownFileType = unknown; explicitFileType = undefined; includeInIndex = 0; };
		9C8CA81451334198A59C8961 /* NotoSansThai_ExtraCondensed-SemiBold.ttf */ = {isa = PBXFileReference; name = "NotoSansThai_ExtraCondensed-SemiBold.ttf"; path = "../assets/fonts/NotoSansThai_ExtraCondensed-SemiBold.ttf"; sourceTree = "<group>"; fileEncoding = undefined; lastKnownFileType = unknown; explicitFileType = undefined; includeInIndex = 0; };
		99C9CFF18D6B478E94300C60 /* NotoSansThai_ExtraCondensed-Thin.ttf */ = {isa = PBXFileReference; name = "NotoSansThai_ExtraCondensed-Thin.ttf"; path = "../assets/fonts/NotoSansThai_ExtraCondensed-Thin.ttf"; sourceTree = "<group>"; fileEncoding = undefined; lastKnownFileType = unknown; explicitFileType = undefined; includeInIndex = 0; };
		BC1B57DF706E47A18263D6F3 /* NotoSansThai_SemiCondensed-Black.ttf */ = {isa = PBXFileReference; name = "NotoSansThai_SemiCondensed-Black.ttf"; path = "../assets/fonts/NotoSansThai_SemiCondensed-Black.ttf"; sourceTree = "<group>"; fileEncoding = undefined; lastKnownFileType = unknown; explicitFileType = undefined; includeInIndex = 0; };
		703D9F69168C4FD0AF93832B /* NotoSansThai_SemiCondensed-Bold.ttf */ = {isa = PBXFileReference; name = "NotoSansThai_SemiCondensed-Bold.ttf"; path = "../assets/fonts/NotoSansThai_SemiCondensed-Bold.ttf"; sourceTree = "<group>"; fileEncoding = undefined; lastKnownFileType = unknown; explicitFileType = undefined; includeInIndex = 0; };
		7EC10C9D1F5C403786986F6B /* NotoSansThai_SemiCondensed-ExtraBold.ttf */ = {isa = PBXFileReference; name = "NotoSansThai_SemiCondensed-ExtraBold.ttf"; path = "../assets/fonts/NotoSansThai_SemiCondensed-ExtraBold.ttf"; sourceTree = "<group>"; fileEncoding = undefined; lastKnownFileType = unknown; explicitFileType = undefined; includeInIndex = 0; };
		B4B77064BB6E41CA8B33B732 /* NotoSansThai_SemiCondensed-ExtraLight.ttf */ = {isa = PBXFileReference; name = "NotoSansThai_SemiCondensed-ExtraLight.ttf"; path = "../assets/fonts/NotoSansThai_SemiCondensed-ExtraLight.ttf"; sourceTree = "<group>"; fileEncoding = undefined; lastKnownFileType = unknown; explicitFileType = undefined; includeInIndex = 0; };
		D0746E5696204C5DBBBB32F6 /* NotoSansThai_SemiCondensed-Light.ttf */ = {isa = PBXFileReference; name = "NotoSansThai_SemiCondensed-Light.ttf"; path = "../assets/fonts/NotoSansThai_SemiCondensed-Light.ttf"; sourceTree = "<group>"; fileEncoding = undefined; lastKnownFileType = unknown; explicitFileType = undefined; includeInIndex = 0; };
		52F741AD79EE498E940AAEE8 /* NotoSansThai_SemiCondensed-Medium.ttf */ = {isa = PBXFileReference; name = "NotoSansThai_SemiCondensed-Medium.ttf"; path = "../assets/fonts/NotoSansThai_SemiCondensed-Medium.ttf"; sourceTree = "<group>"; fileEncoding = undefined; lastKnownFileType = unknown; explicitFileType = undefined; includeInIndex = 0; };
		C020F7FA271B4D7D84DCFF59 /* NotoSansThai_SemiCondensed-Regular.ttf */ = {isa = PBXFileReference; name = "NotoSansThai_SemiCondensed-Regular.ttf"; path = "../assets/fonts/NotoSansThai_SemiCondensed-Regular.ttf"; sourceTree = "<group>"; fileEncoding = undefined; lastKnownFileType = unknown; explicitFileType = undefined; includeInIndex = 0; };
		DBD6D2E379AF4CC0B1AF2BDD /* NotoSansThai_SemiCondensed-SemiBold.ttf */ = {isa = PBXFileReference; name = "NotoSansThai_SemiCondensed-SemiBold.ttf"; path = "../assets/fonts/NotoSansThai_SemiCondensed-SemiBold.ttf"; sourceTree = "<group>"; fileEncoding = undefined; lastKnownFileType = unknown; explicitFileType = undefined; includeInIndex = 0; };
		102267C8DBA54412A8EFBD68 /* NotoSansThai_SemiCondensed-Thin.ttf */ = {isa = PBXFileReference; name = "NotoSansThai_SemiCondensed-Thin.ttf"; path = "../assets/fonts/NotoSansThai_SemiCondensed-Thin.ttf"; sourceTree = "<group>"; fileEncoding = undefined; lastKnownFileType = unknown; explicitFileType = undefined; includeInIndex = 0; };
/* End PBXFileReference section */

/* Begin PBXFrameworksBuildPhase section */
		00E356EB1AD99517003FC87E /* Frameworks */ = {
			isa = PBXFrameworksBuildPhase;
			buildActionMask = 2147483647;
			files = (
				7699B88040F8A987B510C191 /* libPods-policecheckpointtak-policecheckpointtakTests.a in Frameworks */,
			);
			runOnlyForDeploymentPostprocessing = 0;
		};
		13B07F8C1A680F5B00A75B9A /* Frameworks */ = {
			isa = PBXFrameworksBuildPhase;
			buildActionMask = 2147483647;
			files = (
				0C80B921A6F3F58F76C31292 /* libPods-policecheckpointtak.a in Frameworks */,
			);
			runOnlyForDeploymentPostprocessing = 0;
		};
/* End PBXFrameworksBuildPhase section */

/* Begin PBXGroup section */
		00E356EF1AD99517003FC87E /* policecheckpointtakTests */ = {
			isa = PBXGroup;
			children = (
				00E356F21AD99517003FC87E /* policecheckpointtakTests.m */,
				00E356F01AD99517003FC87E /* Supporting Files */,
			);
			path = policecheckpointtakTests;
			sourceTree = "<group>";
		};
		00E356F01AD99517003FC87E /* Supporting Files */ = {
			isa = PBXGroup;
			children = (
				00E356F11AD99517003FC87E /* Info.plist */,
			);
			name = "Supporting Files";
			sourceTree = "<group>";
		};
		13B07FAE1A68108700A75B9A /* policecheckpointtak */ = {
			isa = PBXGroup;
			children = (
				13B07FAF1A68108700A75B9A /* AppDelegate.h */,
				13B07FB01A68108700A75B9A /* AppDelegate.mm */,
				13B07FB51A68108700A75B9A /* Images.xcassets */,
				13B07FB61A68108700A75B9A /* Info.plist */,
				81AB9BB72411601600AC10FF /* LaunchScreen.storyboard */,
				13B07FB71A68108700A75B9A /* main.m */,
			);
			name = policecheckpointtak;
			sourceTree = "<group>";
		};
		2D16E6871FA4F8E400B85C8A /* Frameworks */ = {
			isa = PBXGroup;
			children = (
				ED297162215061F000B7C4FE /* JavaScriptCore.framework */,
				5DCACB8F33CDC322A6C60F78 /* libPods-policecheckpointtak.a */,
				19F6CBCC0A4E27FBF8BF4A61 /* libPods-policecheckpointtak-policecheckpointtakTests.a */,
			);
			name = Frameworks;
			sourceTree = "<group>";
		};
		832341AE1AAA6A7D00B99B32 /* Libraries */ = {
			isa = PBXGroup;
			children = (
			);
			name = Libraries;
			sourceTree = "<group>";
		};
		83CBB9F61A601CBA00E9B192 = {
			isa = PBXGroup;
			children = (
				13B07FAE1A68108700A75B9A /* policecheckpointtak */,
				832341AE1AAA6A7D00B99B32 /* Libraries */,
				00E356EF1AD99517003FC87E /* policecheckpointtakTests */,
				83CBBA001A601CBA00E9B192 /* Products */,
				2D16E6871FA4F8E400B85C8A /* Frameworks */,
				BBD78D7AC51CEA395F1C20DB /* Pods */,
				92BE82AF7C654544AFA1F242 /* Resources */,
			);
			indentWidth = 2;
			sourceTree = "<group>";
			tabWidth = 2;
			usesTabs = 0;
		};
		83CBBA001A601CBA00E9B192 /* Products */ = {
			isa = PBXGroup;
			children = (
				13B07F961A680F5B00A75B9A /* policecheckpointtak.app */,
				00E356EE1AD99517003FC87E /* policecheckpointtakTests.xctest */,
			);
			name = Products;
			sourceTree = "<group>";
		};
		BBD78D7AC51CEA395F1C20DB /* Pods */ = {
			isa = PBXGroup;
			children = (
				3B4392A12AC88292D35C810B /* Pods-policecheckpointtak.debug.xcconfig */,
				5709B34CF0A7D63546082F79 /* Pods-policecheckpointtak.release.xcconfig */,
				5B7EB9410499542E8C5724F5 /* Pods-policecheckpointtak-policecheckpointtakTests.debug.xcconfig */,
				89C6BE57DB24E9ADA2F236DE /* Pods-policecheckpointtak-policecheckpointtakTests.release.xcconfig */,
			);
			path = Pods;
			sourceTree = "<group>";
		};
		92BE82AF7C654544AFA1F242 /* Resources */ = {
			isa = "PBXGroup";
			children = (
				5CE620BBA3A44674A1B39E13 /* NotoSansThai-Black.ttf */,
				BE1E5391CD81422AAEAF7334 /* NotoSansThai-Bold.ttf */,
				7856CF002D3C4A7398E53FB7 /* NotoSansThai-ExtraBold.ttf */,
				2B9FE855030545E899FF3696 /* NotoSansThai-ExtraLight.ttf */,
				CA374DD2A0D345258F4B9EFB /* NotoSansThai-Light.ttf */,
				220EB84943FE47C5B1970B2F /* NotoSansThai-Medium.ttf */,
				3D2881323C8A4EB297EB49D5 /* NotoSansThai-Regular.ttf */,
				8A06D621E06A4561A15A26D6 /* NotoSansThai-SemiBold.ttf */,
				F2CF1641B84943D387CF6ABC /* NotoSansThai-Thin.ttf */,
				88CA402BCF564040B0C30ECD /* NotoSansThai_Condensed-Black.ttf */,
				8447290260FF4077984B346F /* NotoSansThai_Condensed-Bold.ttf */,
				82257BAAB145490EB391D792 /* NotoSansThai_Condensed-ExtraBold.ttf */,
				F9021EF0099B404F884503CB /* NotoSansThai_Condensed-ExtraLight.ttf */,
				B48EB9BBA27C40098B92B629 /* NotoSansThai_Condensed-Light.ttf */,
				D0726A2134A24F8481ACE6AE /* NotoSansThai_Condensed-Medium.ttf */,
				D12CA9928C58488CBCDDA0A0 /* NotoSansThai_Condensed-Regular.ttf */,
				4E60412BFC01461EAD15B494 /* NotoSansThai_Condensed-SemiBold.ttf */,
				48521A91403A46F5A6F6FCD3 /* NotoSansThai_Condensed-Thin.ttf */,
				E40C5F14EBD148E395EE9B8F /* NotoSansThai_ExtraCondensed-Black.ttf */,
				03ECBDC809224CA8999D9E7C /* NotoSansThai_ExtraCondensed-Bold.ttf */,
				7FB6ECDE4A0E488DA89B9525 /* NotoSansThai_ExtraCondensed-ExtraBold.ttf */,
				126D60BD51E44955803C8BBC /* NotoSansThai_ExtraCondensed-ExtraLight.ttf */,
				87B547EA1F83472B96590668 /* NotoSansThai_ExtraCondensed-Light.ttf */,
				BF039F8555AA46AEB9B3E89B /* NotoSansThai_ExtraCondensed-Medium.ttf */,
				480BFB19000B42D8B8DC4720 /* NotoSansThai_ExtraCondensed-Regular.ttf */,
				9C8CA81451334198A59C8961 /* NotoSansThai_ExtraCondensed-SemiBold.ttf */,
				99C9CFF18D6B478E94300C60 /* NotoSansThai_ExtraCondensed-Thin.ttf */,
				BC1B57DF706E47A18263D6F3 /* NotoSansThai_SemiCondensed-Black.ttf */,
				703D9F69168C4FD0AF93832B /* NotoSansThai_SemiCondensed-Bold.ttf */,
				7EC10C9D1F5C403786986F6B /* NotoSansThai_SemiCondensed-ExtraBold.ttf */,
				B4B77064BB6E41CA8B33B732 /* NotoSansThai_SemiCondensed-ExtraLight.ttf */,
				D0746E5696204C5DBBBB32F6 /* NotoSansThai_SemiCondensed-Light.ttf */,
				52F741AD79EE498E940AAEE8 /* NotoSansThai_SemiCondensed-Medium.ttf */,
				C020F7FA271B4D7D84DCFF59 /* NotoSansThai_SemiCondensed-Regular.ttf */,
				DBD6D2E379AF4CC0B1AF2BDD /* NotoSansThai_SemiCondensed-SemiBold.ttf */,
				102267C8DBA54412A8EFBD68 /* NotoSansThai_SemiCondensed-Thin.ttf */,
			);
			name = Resources;
			sourceTree = "<group>";
			path = "";
		};
/* End PBXGroup section */

/* Begin PBXNativeTarget section */
		00E356ED1AD99517003FC87E /* policecheckpointtakTests */ = {
			isa = PBXNativeTarget;
			buildConfigurationList = 00E357021AD99517003FC87E /* Build configuration list for PBXNativeTarget "policecheckpointtakTests" */;
			buildPhases = (
				A55EABD7B0C7F3A422A6CC61 /* [CP] Check Pods Manifest.lock */,
				00E356EA1AD99517003FC87E /* Sources */,
				00E356EB1AD99517003FC87E /* Frameworks */,
				00E356EC1AD99517003FC87E /* Resources */,
				C59DA0FBD6956966B86A3779 /* [CP] Embed Pods Frameworks */,
				F6A41C54EA430FDDC6A6ED99 /* [CP] Copy Pods Resources */,
			);
			buildRules = (
			);
			dependencies = (
				00E356F51AD99517003FC87E /* PBXTargetDependency */,
			);
			name = policecheckpointtakTests;
			productName = policecheckpointtakTests;
			productReference = 00E356EE1AD99517003FC87E /* policecheckpointtakTests.xctest */;
			productType = "com.apple.product-type.bundle.unit-test";
		};
		13B07F861A680F5B00A75B9A /* policecheckpointtak */ = {
			isa = PBXNativeTarget;
			buildConfigurationList = 13B07F931A680F5B00A75B9A /* Build configuration list for PBXNativeTarget "policecheckpointtak" */;
			buildPhases = (
				C38B50BA6285516D6DCD4F65 /* [CP] Check Pods Manifest.lock */,
				FD10A7F022414F080027D42C /* Start Packager */,
				13B07F871A680F5B00A75B9A /* Sources */,
				13B07F8C1A680F5B00A75B9A /* Frameworks */,
				13B07F8E1A680F5B00A75B9A /* Resources */,
				00DD1BFF1BD5951E006B06BC /* Bundle React Native code and images */,
				00EEFC60759A1932668264C0 /* [CP] Embed Pods Frameworks */,
				E235C05ADACE081382539298 /* [CP] Copy Pods Resources */,
			);
			buildRules = (
			);
			dependencies = (
			);
			name = policecheckpointtak;
			productName = policecheckpointtak;
			productReference = 13B07F961A680F5B00A75B9A /* policecheckpointtak.app */;
			productType = "com.apple.product-type.application";
		};
/* End PBXNativeTarget section */

/* Begin PBXProject section */
		83CBB9F71A601CBA00E9B192 /* Project object */ = {
			isa = PBXProject;
			attributes = {
				LastUpgradeCheck = 1210;
				TargetAttributes = {
					00E356ED1AD99517003FC87E = {
						CreatedOnToolsVersion = 6.2;
						TestTargetID = 13B07F861A680F5B00A75B9A;
					};
					13B07F861A680F5B00A75B9A = {
						LastSwiftMigration = 1120;
					};
				};
			};
			buildConfigurationList = 83CBB9FA1A601CBA00E9B192 /* Build configuration list for PBXProject "policecheckpointtak" */;
			compatibilityVersion = "Xcode 12.0";
			developmentRegion = en;
			hasScannedForEncodings = 0;
			knownRegions = (
				en,
				Base,
			);
			mainGroup = 83CBB9F61A601CBA00E9B192;
			productRefGroup = 83CBBA001A601CBA00E9B192 /* Products */;
			projectDirPath = "";
			projectRoot = "";
			targets = (
				13B07F861A680F5B00A75B9A /* policecheckpointtak */,
				00E356ED1AD99517003FC87E /* policecheckpointtakTests */,
			);
		};
/* End PBXProject section */

/* Begin PBXResourcesBuildPhase section */
		00E356EC1AD99517003FC87E /* Resources */ = {
			isa = PBXResourcesBuildPhase;
			buildActionMask = 2147483647;
			files = (
			);
			runOnlyForDeploymentPostprocessing = 0;
		};
		13B07F8E1A680F5B00A75B9A /* Resources */ = {
			isa = PBXResourcesBuildPhase;
			buildActionMask = 2147483647;
			files = (
				81AB9BB82411601600AC10FF /* LaunchScreen.storyboard in Resources */,
				13B07FBF1A68108700A75B9A /* Images.xcassets in Resources */,
				18E7123C1581478FAB30F675 /* NotoSansThai-Black.ttf in Resources */,
				1250BDF9C98145FFA2F74456 /* NotoSansThai-Bold.ttf in Resources */,
				BADAB3D17F1144E0B05EECEE /* NotoSansThai-ExtraBold.ttf in Resources */,
				D6E7D7230B964071828ECAF5 /* NotoSansThai-ExtraLight.ttf in Resources */,
				D522DAC9EE064FE08059DBAF /* NotoSansThai-Light.ttf in Resources */,
				DB862DE19A60490CB3C9ABD8 /* NotoSansThai-Medium.ttf in Resources */,
				180E9D6C1A9B436C99AD764B /* NotoSansThai-Regular.ttf in Resources */,
				CA5E9CFF544F49E690248BC9 /* NotoSansThai-SemiBold.ttf in Resources */,
				D1B044531AFC42369327BFD8 /* NotoSansThai-Thin.ttf in Resources */,
				4D99B25FB2AA4026B748A898 /* NotoSansThai_Condensed-Black.ttf in Resources */,
				5158FD51AB94417D81840E96 /* NotoSansThai_Condensed-Bold.ttf in Resources */,
				72A8B4935E9B48609941FFD1 /* NotoSansThai_Condensed-ExtraBold.ttf in Resources */,
				C78FC15C5982435E86E6BD90 /* NotoSansThai_Condensed-ExtraLight.ttf in Resources */,
				D00D7A7EEB7B47019EB3BA8C /* NotoSansThai_Condensed-Light.ttf in Resources */,
				FCC2F7D014E748F5B0D61C72 /* NotoSansThai_Condensed-Medium.ttf in Resources */,
				6781709A2FA44D89B333D66B /* NotoSansThai_Condensed-Regular.ttf in Resources */,
				D4203AAF64E9488087DE8D63 /* NotoSansThai_Condensed-SemiBold.ttf in Resources */,
				275C76A13D464F57A3661174 /* NotoSansThai_Condensed-Thin.ttf in Resources */,
				74BCB5A2D2B04DB5BE4367F2 /* NotoSansThai_ExtraCondensed-Black.ttf in Resources */,
				E0024B0A532D4FE2A26B3928 /* NotoSansThai_ExtraCondensed-Bold.ttf in Resources */,
				B0312868D3484644AE89A542 /* NotoSansThai_ExtraCondensed-ExtraBold.ttf in Resources */,
				06123FD4CEB8462B817C1915 /* NotoSansThai_ExtraCondensed-ExtraLight.ttf in Resources */,
				839DD860117741249FC731AD /* NotoSansThai_ExtraCondensed-Light.ttf in Resources */,
				83AE832939784448A54AB82B /* NotoSansThai_ExtraCondensed-Medium.ttf in Resources */,
				EA5674637629499A9FD5DCFC /* NotoSansThai_ExtraCondensed-Regular.ttf in Resources */,
				B3ED94F41130444D9B597889 /* NotoSansThai_ExtraCondensed-SemiBold.ttf in Resources */,
				20CBB9A421714BBB96201B2C /* NotoSansThai_ExtraCondensed-Thin.ttf in Resources */,
				5D6A10B517EF4B3DAE0711A9 /* NotoSansThai_SemiCondensed-Black.ttf in Resources */,
				E797D04805EB49FBBC3D2D72 /* NotoSansThai_SemiCondensed-Bold.ttf in Resources */,
				71380EFE38274C309A259E1D /* NotoSansThai_SemiCondensed-ExtraBold.ttf in Resources */,
				A27B73B686C646AAAAF22174 /* NotoSansThai_SemiCondensed-ExtraLight.ttf in Resources */,
				D3470A8D301E46C4AE70A2D9 /* NotoSansThai_SemiCondensed-Light.ttf in Resources */,
				6AFAD9631FCD4931A499C9BB /* NotoSansThai_SemiCondensed-Medium.ttf in Resources */,
				A02A9A23D65247A0A2DCA6C0 /* NotoSansThai_SemiCondensed-Regular.ttf in Resources */,
				BE3D6D58AB744F8A851C0A1E /* NotoSansThai_SemiCondensed-SemiBold.ttf in Resources */,
				61944546E9EB4C05AE26F473 /* NotoSansThai_SemiCondensed-Thin.ttf in Resources */,
			);
			runOnlyForDeploymentPostprocessing = 0;
		};
/* End PBXResourcesBuildPhase section */

/* Begin PBXShellScriptBuildPhase section */
		00DD1BFF1BD5951E006B06BC /* Bundle React Native code and images */ = {
			isa = PBXShellScriptBuildPhase;
			buildActionMask = 2147483647;
			files = (
			);
			inputPaths = (
				"$(SRCROOT)/.xcode.env.local",
				"$(SRCROOT)/.xcode.env",
			);
			name = "Bundle React Native code and images";
			outputPaths = (
			);
			runOnlyForDeploymentPostprocessing = 0;
			shellPath = /bin/sh;
			shellScript = "set -e\n\nWITH_ENVIRONMENT=\"../node_modules/react-native/scripts/xcode/with-environment.sh\"\nREACT_NATIVE_XCODE=\"../node_modules/react-native/scripts/react-native-xcode.sh\"\n\n/bin/sh -c \"$WITH_ENVIRONMENT $REACT_NATIVE_XCODE\"\n";
		};
		00EEFC60759A1932668264C0 /* [CP] Embed Pods Frameworks */ = {
			isa = PBXShellScriptBuildPhase;
			buildActionMask = 2147483647;
			files = (
			);
			inputFileListPaths = (
				"${PODS_ROOT}/Target Support Files/Pods-policecheckpointtak/Pods-policecheckpointtak-frameworks-${CONFIGURATION}-input-files.xcfilelist",
			);
			name = "[CP] Embed Pods Frameworks";
			outputFileListPaths = (
				"${PODS_ROOT}/Target Support Files/Pods-policecheckpointtak/Pods-policecheckpointtak-frameworks-${CONFIGURATION}-output-files.xcfilelist",
			);
			runOnlyForDeploymentPostprocessing = 0;
			shellPath = /bin/sh;
			shellScript = "\"${PODS_ROOT}/Target Support Files/Pods-policecheckpointtak/Pods-policecheckpointtak-frameworks.sh\"\n";
			showEnvVarsInLog = 0;
		};
		A55EABD7B0C7F3A422A6CC61 /* [CP] Check Pods Manifest.lock */ = {
			isa = PBXShellScriptBuildPhase;
			buildActionMask = 2147483647;
			files = (
			);
			inputFileListPaths = (
			);
			inputPaths = (
				"${PODS_PODFILE_DIR_PATH}/Podfile.lock",
				"${PODS_ROOT}/Manifest.lock",
			);
			name = "[CP] Check Pods Manifest.lock";
			outputFileListPaths = (
			);
			outputPaths = (
				"$(DERIVED_FILE_DIR)/Pods-policecheckpointtak-policecheckpointtakTests-checkManifestLockResult.txt",
			);
			runOnlyForDeploymentPostprocessing = 0;
			shellPath = /bin/sh;
			shellScript = "diff \"${PODS_PODFILE_DIR_PATH}/Podfile.lock\" \"${PODS_ROOT}/Manifest.lock\" > /dev/null\nif [ $? != 0 ] ; then\n    # print error to STDERR\n    echo \"error: The sandbox is not in sync with the Podfile.lock. Run 'pod install' or update your CocoaPods installation.\" >&2\n    exit 1\nfi\n# This output is used by Xcode 'outputs' to avoid re-running this script phase.\necho \"SUCCESS\" > \"${SCRIPT_OUTPUT_FILE_0}\"\n";
			showEnvVarsInLog = 0;
		};
		C38B50BA6285516D6DCD4F65 /* [CP] Check Pods Manifest.lock */ = {
			isa = PBXShellScriptBuildPhase;
			buildActionMask = 2147483647;
			files = (
			);
			inputFileListPaths = (
			);
			inputPaths = (
				"${PODS_PODFILE_DIR_PATH}/Podfile.lock",
				"${PODS_ROOT}/Manifest.lock",
			);
			name = "[CP] Check Pods Manifest.lock";
			outputFileListPaths = (
			);
			outputPaths = (
				"$(DERIVED_FILE_DIR)/Pods-policecheckpointtak-checkManifestLockResult.txt",
			);
			runOnlyForDeploymentPostprocessing = 0;
			shellPath = /bin/sh;
			shellScript = "diff \"${PODS_PODFILE_DIR_PATH}/Podfile.lock\" \"${PODS_ROOT}/Manifest.lock\" > /dev/null\nif [ $? != 0 ] ; then\n    # print error to STDERR\n    echo \"error: The sandbox is not in sync with the Podfile.lock. Run 'pod install' or update your CocoaPods installation.\" >&2\n    exit 1\nfi\n# This output is used by Xcode 'outputs' to avoid re-running this script phase.\necho \"SUCCESS\" > \"${SCRIPT_OUTPUT_FILE_0}\"\n";
			showEnvVarsInLog = 0;
		};
		C59DA0FBD6956966B86A3779 /* [CP] Embed Pods Frameworks */ = {
			isa = PBXShellScriptBuildPhase;
			buildActionMask = 2147483647;
			files = (
			);
			inputFileListPaths = (
				"${PODS_ROOT}/Target Support Files/Pods-policecheckpointtak-policecheckpointtakTests/Pods-policecheckpointtak-policecheckpointtakTests-frameworks-${CONFIGURATION}-input-files.xcfilelist",
			);
			name = "[CP] Embed Pods Frameworks";
			outputFileListPaths = (
				"${PODS_ROOT}/Target Support Files/Pods-policecheckpointtak-policecheckpointtakTests/Pods-policecheckpointtak-policecheckpointtakTests-frameworks-${CONFIGURATION}-output-files.xcfilelist",
			);
			runOnlyForDeploymentPostprocessing = 0;
			shellPath = /bin/sh;
			shellScript = "\"${PODS_ROOT}/Target Support Files/Pods-policecheckpointtak-policecheckpointtakTests/Pods-policecheckpointtak-policecheckpointtakTests-frameworks.sh\"\n";
			showEnvVarsInLog = 0;
		};
		E235C05ADACE081382539298 /* [CP] Copy Pods Resources */ = {
			isa = PBXShellScriptBuildPhase;
			buildActionMask = 2147483647;
			files = (
			);
			inputFileListPaths = (
				"${PODS_ROOT}/Target Support Files/Pods-policecheckpointtak/Pods-policecheckpointtak-resources-${CONFIGURATION}-input-files.xcfilelist",
			);
			name = "[CP] Copy Pods Resources";
			outputFileListPaths = (
				"${PODS_ROOT}/Target Support Files/Pods-policecheckpointtak/Pods-policecheckpointtak-resources-${CONFIGURATION}-output-files.xcfilelist",
			);
			runOnlyForDeploymentPostprocessing = 0;
			shellPath = /bin/sh;
			shellScript = "\"${PODS_ROOT}/Target Support Files/Pods-policecheckpointtak/Pods-policecheckpointtak-resources.sh\"\n";
			showEnvVarsInLog = 0;
		};
		F6A41C54EA430FDDC6A6ED99 /* [CP] Copy Pods Resources */ = {
			isa = PBXShellScriptBuildPhase;
			buildActionMask = 2147483647;
			files = (
			);
			inputFileListPaths = (
				"${PODS_ROOT}/Target Support Files/Pods-policecheckpointtak-policecheckpointtakTests/Pods-policecheckpointtak-policecheckpointtakTests-resources-${CONFIGURATION}-input-files.xcfilelist",
			);
			name = "[CP] Copy Pods Resources";
			outputFileListPaths = (
				"${PODS_ROOT}/Target Support Files/Pods-policecheckpointtak-policecheckpointtakTests/Pods-policecheckpointtak-policecheckpointtakTests-resources-${CONFIGURATION}-output-files.xcfilelist",
			);
			runOnlyForDeploymentPostprocessing = 0;
			shellPath = /bin/sh;
			shellScript = "\"${PODS_ROOT}/Target Support Files/Pods-policecheckpointtak-policecheckpointtakTests/Pods-policecheckpointtak-policecheckpointtakTests-resources.sh\"\n";
			showEnvVarsInLog = 0;
		};
		FD10A7F022414F080027D42C /* Start Packager */ = {
			isa = PBXShellScriptBuildPhase;
			buildActionMask = 2147483647;
			files = (
			);
			inputFileListPaths = (
			);
			inputPaths = (
			);
			name = "Start Packager";
			outputFileListPaths = (
			);
			outputPaths = (
			);
			runOnlyForDeploymentPostprocessing = 0;
			shellPath = /bin/sh;
			shellScript = "export RCT_METRO_PORT=\"${RCT_METRO_PORT:=8081}\"\necho \"export RCT_METRO_PORT=${RCT_METRO_PORT}\" > \"${SRCROOT}/../node_modules/react-native/scripts/.packager.env\"\nif [ -z \"${RCT_NO_LAUNCH_PACKAGER+xxx}\" ] ; then\n  if nc -w 5 -z localhost ${RCT_METRO_PORT} ; then\n    if ! curl -s \"http://localhost:${RCT_METRO_PORT}/status\" | grep -q \"packager-status:running\" ; then\n      echo \"Port ${RCT_METRO_PORT} already in use, packager is either not running or not running correctly\"\n      exit 2\n    fi\n  else\n    open \"$SRCROOT/../node_modules/react-native/scripts/launchPackager.command\" || echo \"Can't start packager automatically\"\n  fi\nfi\n";
			showEnvVarsInLog = 0;
		};
/* End PBXShellScriptBuildPhase section */

/* Begin PBXSourcesBuildPhase section */
		00E356EA1AD99517003FC87E /* Sources */ = {
			isa = PBXSourcesBuildPhase;
			buildActionMask = 2147483647;
			files = (
				00E356F31AD99517003FC87E /* policecheckpointtakTests.m in Sources */,
			);
			runOnlyForDeploymentPostprocessing = 0;
		};
		13B07F871A680F5B00A75B9A /* Sources */ = {
			isa = PBXSourcesBuildPhase;
			buildActionMask = 2147483647;
			files = (
				13B07FBC1A68108700A75B9A /* AppDelegate.mm in Sources */,
				13B07FC11A68108700A75B9A /* main.m in Sources */,
			);
			runOnlyForDeploymentPostprocessing = 0;
		};
/* End PBXSourcesBuildPhase section */

/* Begin PBXTargetDependency section */
		00E356F51AD99517003FC87E /* PBXTargetDependency */ = {
			isa = PBXTargetDependency;
			target = 13B07F861A680F5B00A75B9A /* policecheckpointtak */;
			targetProxy = 00E356F41AD99517003FC87E /* PBXContainerItemProxy */;
		};
/* End PBXTargetDependency section */

/* Begin XCBuildConfiguration section */
		00E356F61AD99517003FC87E /* Debug */ = {
			isa = XCBuildConfiguration;
			baseConfigurationReference = 5B7EB9410499542E8C5724F5 /* Pods-policecheckpointtak-policecheckpointtakTests.debug.xcconfig */;
			buildSettings = {
				BUNDLE_LOADER = "$(TEST_HOST)";
				GCC_PREPROCESSOR_DEFINITIONS = (
					"DEBUG=1",
					"$(inherited)",
				);
				INFOPLIST_FILE = policecheckpointtakTests/Info.plist;
				IPHONEOS_DEPLOYMENT_TARGET = 12.4;
				LD_RUNPATH_SEARCH_PATHS = (
					"$(inherited)",
					"@executable_path/Frameworks",
					"@loader_path/Frameworks",
				);
				OTHER_LDFLAGS = (
					"-ObjC",
					"-lc++",
					"$(inherited)",
				);
				PRODUCT_BUNDLE_IDENTIFIER = "org.reactjs.native.example.$(PRODUCT_NAME:rfc1034identifier)";
				PRODUCT_NAME = "$(TARGET_NAME)";
				TEST_HOST = "$(BUILT_PRODUCTS_DIR)/policecheckpointtak.app/policecheckpointtak";
			};
			name = Debug;
		};
		00E356F71AD99517003FC87E /* Release */ = {
			isa = XCBuildConfiguration;
			baseConfigurationReference = 89C6BE57DB24E9ADA2F236DE /* Pods-policecheckpointtak-policecheckpointtakTests.release.xcconfig */;
			buildSettings = {
				BUNDLE_LOADER = "$(TEST_HOST)";
				COPY_PHASE_STRIP = NO;
				INFOPLIST_FILE = policecheckpointtakTests/Info.plist;
				IPHONEOS_DEPLOYMENT_TARGET = 12.4;
				LD_RUNPATH_SEARCH_PATHS = (
					"$(inherited)",
					"@executable_path/Frameworks",
					"@loader_path/Frameworks",
				);
				OTHER_LDFLAGS = (
					"-ObjC",
					"-lc++",
					"$(inherited)",
				);
				PRODUCT_BUNDLE_IDENTIFIER = "org.reactjs.native.example.$(PRODUCT_NAME:rfc1034identifier)";
				PRODUCT_NAME = "$(TARGET_NAME)";
				TEST_HOST = "$(BUILT_PRODUCTS_DIR)/policecheckpointtak.app/policecheckpointtak";
			};
			name = Release;
		};
		13B07F941A680F5B00A75B9A /* Debug */ = {
			isa = XCBuildConfiguration;
			baseConfigurationReference = 3B4392A12AC88292D35C810B /* Pods-policecheckpointtak.debug.xcconfig */;
			buildSettings = {
				ASSETCATALOG_COMPILER_APPICON_NAME = AppIcon;
				CLANG_ENABLE_MODULES = YES;
				CURRENT_PROJECT_VERSION = 1;
				ENABLE_BITCODE = NO;
				INFOPLIST_FILE = policecheckpointtak/Info.plist;
				LD_RUNPATH_SEARCH_PATHS = (
					"$(inherited)",
					"@executable_path/Frameworks",
				);
				MARKETING_VERSION = 1.0;
				OTHER_LDFLAGS = (
					"$(inherited)",
					"-ObjC",
					"-lc++",
				);
				PRODUCT_BUNDLE_IDENTIFIER = "org.reactjs.native.example.$(PRODUCT_NAME:rfc1034identifier)";
				PRODUCT_NAME = policecheckpointtak;
				SWIFT_OPTIMIZATION_LEVEL = "-Onone";
				SWIFT_VERSION = 5.0;
				VERSIONING_SYSTEM = "apple-generic";
			};
			name = Debug;
		};
		13B07F951A680F5B00A75B9A /* Release */ = {
			isa = XCBuildConfiguration;
			baseConfigurationReference = 5709B34CF0A7D63546082F79 /* Pods-policecheckpointtak.release.xcconfig */;
			buildSettings = {
				ASSETCATALOG_COMPILER_APPICON_NAME = AppIcon;
				CLANG_ENABLE_MODULES = YES;
				CURRENT_PROJECT_VERSION = 1;
				INFOPLIST_FILE = policecheckpointtak/Info.plist;
				LD_RUNPATH_SEARCH_PATHS = (
					"$(inherited)",
					"@executable_path/Frameworks",
				);
				MARKETING_VERSION = 1.0;
				OTHER_LDFLAGS = (
					"$(inherited)",
					"-ObjC",
					"-lc++",
				);
				PRODUCT_BUNDLE_IDENTIFIER = "org.reactjs.native.example.$(PRODUCT_NAME:rfc1034identifier)";
				PRODUCT_NAME = policecheckpointtak;
				SWIFT_VERSION = 5.0;
				VERSIONING_SYSTEM = "apple-generic";
			};
			name = Release;
		};
		83CBBA201A601CBA00E9B192 /* Debug */ = {
			isa = XCBuildConfiguration;
			buildSettings = {
				ALWAYS_SEARCH_USER_PATHS = NO;
				CLANG_ANALYZER_LOCALIZABILITY_NONLOCALIZED = YES;
				CLANG_CXX_LANGUAGE_STANDARD = "c++17";
				CLANG_CXX_LIBRARY = "libc++";
				CLANG_ENABLE_MODULES = YES;
				CLANG_ENABLE_OBJC_ARC = YES;
				CLANG_WARN_BLOCK_CAPTURE_AUTORELEASING = YES;
				CLANG_WARN_BOOL_CONVERSION = YES;
				CLANG_WARN_COMMA = YES;
				CLANG_WARN_CONSTANT_CONVERSION = YES;
				CLANG_WARN_DEPRECATED_OBJC_IMPLEMENTATIONS = YES;
				CLANG_WARN_DIRECT_OBJC_ISA_USAGE = YES_ERROR;
				CLANG_WARN_EMPTY_BODY = YES;
				CLANG_WARN_ENUM_CONVERSION = YES;
				CLANG_WARN_INFINITE_RECURSION = YES;
				CLANG_WARN_INT_CONVERSION = YES;
				CLANG_WARN_NON_LITERAL_NULL_CONVERSION = YES;
				CLANG_WARN_OBJC_IMPLICIT_RETAIN_SELF = YES;
				CLANG_WARN_OBJC_LITERAL_CONVERSION = YES;
				CLANG_WARN_OBJC_ROOT_CLASS = YES_ERROR;
				CLANG_WARN_QUOTED_INCLUDE_IN_FRAMEWORK_HEADER = YES;
				CLANG_WARN_RANGE_LOOP_ANALYSIS = YES;
				CLANG_WARN_STRICT_PROTOTYPES = YES;
				CLANG_WARN_SUSPICIOUS_MOVE = YES;
				CLANG_WARN_UNREACHABLE_CODE = YES;
				CLANG_WARN__DUPLICATE_METHOD_MATCH = YES;
				"CODE_SIGN_IDENTITY[sdk=iphoneos*]" = "iPhone Developer";
				COPY_PHASE_STRIP = NO;
				ENABLE_STRICT_OBJC_MSGSEND = YES;
				ENABLE_TESTABILITY = YES;
				"EXCLUDED_ARCHS[sdk=iphonesimulator*]" = "";
				GCC_C_LANGUAGE_STANDARD = gnu99;
				GCC_DYNAMIC_NO_PIC = NO;
				GCC_NO_COMMON_BLOCKS = YES;
				GCC_OPTIMIZATION_LEVEL = 0;
				GCC_PREPROCESSOR_DEFINITIONS = (
					"DEBUG=1",
					"$(inherited)",
				);
				GCC_SYMBOLS_PRIVATE_EXTERN = NO;
				GCC_WARN_64_TO_32_BIT_CONVERSION = YES;
				GCC_WARN_ABOUT_RETURN_TYPE = YES_ERROR;
				GCC_WARN_UNDECLARED_SELECTOR = YES;
				GCC_WARN_UNINITIALIZED_AUTOS = YES_AGGRESSIVE;
				GCC_WARN_UNUSED_FUNCTION = YES;
				GCC_WARN_UNUSED_VARIABLE = YES;
				IPHONEOS_DEPLOYMENT_TARGET = 12.4;
				LD_RUNPATH_SEARCH_PATHS = (
					/usr/lib/swift,
					"$(inherited)",
				);
				LIBRARY_SEARCH_PATHS = (
					"\"$(SDKROOT)/usr/lib/swift\"",
					"\"$(TOOLCHAIN_DIR)/usr/lib/swift/$(PLATFORM_NAME)\"",
					"\"$(inherited)\"",
				);
				MTL_ENABLE_DEBUG_INFO = YES;
				ONLY_ACTIVE_ARCH = YES;
				OTHER_CPLUSPLUSFLAGS = (
					"$(OTHER_CFLAGS)",
					"-DFOLLY_NO_CONFIG",
					"-DFOLLY_MOBILE=1",
					"-DFOLLY_USE_LIBCPP=1",
				);
				SDKROOT = iphoneos;
			};
			name = Debug;
		};
		83CBBA211A601CBA00E9B192 /* Release */ = {
			isa = XCBuildConfiguration;
			buildSettings = {
				ALWAYS_SEARCH_USER_PATHS = NO;
				CLANG_ANALYZER_LOCALIZABILITY_NONLOCALIZED = YES;
				CLANG_CXX_LANGUAGE_STANDARD = "c++17";
				CLANG_CXX_LIBRARY = "libc++";
				CLANG_ENABLE_MODULES = YES;
				CLANG_ENABLE_OBJC_ARC = YES;
				CLANG_WARN_BLOCK_CAPTURE_AUTORELEASING = YES;
				CLANG_WARN_BOOL_CONVERSION = YES;
				CLANG_WARN_COMMA = YES;
				CLANG_WARN_CONSTANT_CONVERSION = YES;
				CLANG_WARN_DEPRECATED_OBJC_IMPLEMENTATIONS = YES;
				CLANG_WARN_DIRECT_OBJC_ISA_USAGE = YES_ERROR;
				CLANG_WARN_EMPTY_BODY = YES;
				CLANG_WARN_ENUM_CONVERSION = YES;
				CLANG_WARN_INFINITE_RECURSION = YES;
				CLANG_WARN_INT_CONVERSION = YES;
				CLANG_WARN_NON_LITERAL_NULL_CONVERSION = YES;
				CLANG_WARN_OBJC_IMPLICIT_RETAIN_SELF = YES;
				CLANG_WARN_OBJC_LITERAL_CONVERSION = YES;
				CLANG_WARN_OBJC_ROOT_CLASS = YES_ERROR;
				CLANG_WARN_QUOTED_INCLUDE_IN_FRAMEWORK_HEADER = YES;
				CLANG_WARN_RANGE_LOOP_ANALYSIS = YES;
				CLANG_WARN_STRICT_PROTOTYPES = YES;
				CLANG_WARN_SUSPICIOUS_MOVE = YES;
				CLANG_WARN_UNREACHABLE_CODE = YES;
				CLANG_WARN__DUPLICATE_METHOD_MATCH = YES;
				"CODE_SIGN_IDENTITY[sdk=iphoneos*]" = "iPhone Developer";
				COPY_PHASE_STRIP = YES;
				ENABLE_NS_ASSERTIONS = NO;
				ENABLE_STRICT_OBJC_MSGSEND = YES;
				"EXCLUDED_ARCHS[sdk=iphonesimulator*]" = "";
				GCC_C_LANGUAGE_STANDARD = gnu99;
				GCC_NO_COMMON_BLOCKS = YES;
				GCC_WARN_64_TO_32_BIT_CONVERSION = YES;
				GCC_WARN_ABOUT_RETURN_TYPE = YES_ERROR;
				GCC_WARN_UNDECLARED_SELECTOR = YES;
				GCC_WARN_UNINITIALIZED_AUTOS = YES_AGGRESSIVE;
				GCC_WARN_UNUSED_FUNCTION = YES;
				GCC_WARN_UNUSED_VARIABLE = YES;
				IPHONEOS_DEPLOYMENT_TARGET = 12.4;
				LD_RUNPATH_SEARCH_PATHS = (
					/usr/lib/swift,
					"$(inherited)",
				);
				LIBRARY_SEARCH_PATHS = (
					"\"$(SDKROOT)/usr/lib/swift\"",
					"\"$(TOOLCHAIN_DIR)/usr/lib/swift/$(PLATFORM_NAME)\"",
					"\"$(inherited)\"",
				);
				MTL_ENABLE_DEBUG_INFO = NO;
				OTHER_CPLUSPLUSFLAGS = (
					"$(OTHER_CFLAGS)",
					"-DFOLLY_NO_CONFIG",
					"-DFOLLY_MOBILE=1",
					"-DFOLLY_USE_LIBCPP=1",
				);
				SDKROOT = iphoneos;
				VALIDATE_PRODUCT = YES;
			};
			name = Release;
		};
/* End XCBuildConfiguration section */

/* Begin XCConfigurationList section */
		00E357021AD99517003FC87E /* Build configuration list for PBXNativeTarget "policecheckpointtakTests" */ = {
			isa = XCConfigurationList;
			buildConfigurations = (
				00E356F61AD99517003FC87E /* Debug */,
				00E356F71AD99517003FC87E /* Release */,
			);
			defaultConfigurationIsVisible = 0;
			defaultConfigurationName = Release;
		};
		13B07F931A680F5B00A75B9A /* Build configuration list for PBXNativeTarget "policecheckpointtak" */ = {
			isa = XCConfigurationList;
			buildConfigurations = (
				13B07F941A680F5B00A75B9A /* Debug */,
				13B07F951A680F5B00A75B9A /* Release */,
			);
			defaultConfigurationIsVisible = 0;
			defaultConfigurationName = Release;
		};
		83CBB9FA1A601CBA00E9B192 /* Build configuration list for PBXProject "policecheckpointtak" */ = {
			isa = XCConfigurationList;
			buildConfigurations = (
				83CBBA201A601CBA00E9B192 /* Debug */,
				83CBBA211A601CBA00E9B192 /* Release */,
			);
			defaultConfigurationIsVisible = 0;
			defaultConfigurationName = Release;
		};
/* End XCConfigurationList section */
	};
	rootObject = 83CBB9F71A601CBA00E9B192 /* Project object */;
}
